// !$*UTF8*$!
{
	archiveVersion = 1;
	classes = {
	};
	objectVersion = 50;
	objects = {

/* Begin PBXBuildFile section */
		7775EF612364995500FA4E7E /* AppDelegate.swift in Sources */ = {isa = PBXBuildFile; fileRef = 7775EF602364995500FA4E7E /* AppDelegate.swift */; };
		7775EF632364995500FA4E7E /* ViewController.swift in Sources */ = {isa = PBXBuildFile; fileRef = 7775EF622364995500FA4E7E /* ViewController.swift */; };
		7775EF662364995500FA4E7E /* Main.storyboard in Resources */ = {isa = PBXBuildFile; fileRef = 7775EF642364995500FA4E7E /* Main.storyboard */; };
		7775EF682364995800FA4E7E /* Assets.xcassets in Resources */ = {isa = PBXBuildFile; fileRef = 7775EF672364995800FA4E7E /* Assets.xcassets */; };
		7775EF6B2364995800FA4E7E /* LaunchScreen.storyboard in Resources */ = {isa = PBXBuildFile; fileRef = 7775EF692364995800FA4E7E /* LaunchScreen.storyboard */; };
		7775EF762364995800FA4E7E /* PruebaRealidadAumentadaTests.swift in Sources */ = {isa = PBXBuildFile; fileRef = 7775EF752364995800FA4E7E /* PruebaRealidadAumentadaTests.swift */; };
		77E8BD542364B40300C57BC1 /* ship.scn in Resources */ = {isa = PBXBuildFile; fileRef = 77E8BD522364B40200C57BC1 /* ship.scn */; };
		77E8BD552364B40300C57BC1 /* texture.png in Resources */ = {isa = PBXBuildFile; fileRef = 77E8BD532364B40300C57BC1 /* texture.png */; };
/* End PBXBuildFile section */

/* Begin PBXContainerItemProxy section */
		7775EF722364995800FA4E7E /* PBXContainerItemProxy */ = {
			isa = PBXContainerItemProxy;
			containerPortal = 7775EF552364995500FA4E7E /* Project object */;
			proxyType = 1;
			remoteGlobalIDString = 7775EF5C2364995500FA4E7E;
			remoteInfo = PruebaRealidadAumentada;
		};
/* End PBXContainerItemProxy section */

/* Begin PBXFileReference section */
		7775EF5D2364995500FA4E7E /* PruebaRealidadAumentada.app */ = {isa = PBXFileReference; explicitFileType = wrapper.application; includeInIndex = 0; path = PruebaRealidadAumentada.app; sourceTree = BUILT_PRODUCTS_DIR; };
		7775EF602364995500FA4E7E /* AppDelegate.swift */ = {isa = PBXFileReference; lastKnownFileType = sourcecode.swift; path = AppDelegate.swift; sourceTree = "<group>"; };
		7775EF622364995500FA4E7E /* ViewController.swift */ = {isa = PBXFileReference; lastKnownFileType = sourcecode.swift; path = ViewController.swift; sourceTree = "<group>"; };
		7775EF652364995500FA4E7E /* Base */ = {isa = PBXFileReference; lastKnownFileType = file.storyboard; name = Base; path = Base.lproj/Main.storyboard; sourceTree = "<group>"; };
		7775EF672364995800FA4E7E /* Assets.xcassets */ = {isa = PBXFileReference; lastKnownFileType = folder.assetcatalog; path = Assets.xcassets; sourceTree = "<group>"; };
		7775EF6A2364995800FA4E7E /* Base */ = {isa = PBXFileReference; lastKnownFileType = file.storyboard; name = Base; path = Base.lproj/LaunchScreen.storyboard; sourceTree = "<group>"; };
		7775EF6C2364995800FA4E7E /* Info.plist */ = {isa = PBXFileReference; lastKnownFileType = text.plist.xml; path = Info.plist; sourceTree = "<group>"; };
		7775EF712364995800FA4E7E /* PruebaRealidadAumentadaTests.xctest */ = {isa = PBXFileReference; explicitFileType = wrapper.cfbundle; includeInIndex = 0; path = PruebaRealidadAumentadaTests.xctest; sourceTree = BUILT_PRODUCTS_DIR; };
		7775EF752364995800FA4E7E /* PruebaRealidadAumentadaTests.swift */ = {isa = PBXFileReference; lastKnownFileType = sourcecode.swift; path = PruebaRealidadAumentadaTests.swift; sourceTree = "<group>"; };
		7775EF772364995800FA4E7E /* Info.plist */ = {isa = PBXFileReference; lastKnownFileType = text.plist.xml; path = Info.plist; sourceTree = "<group>"; };
		77E8BD522364B40200C57BC1 /* ship.scn */ = {isa = PBXFileReference; lastKnownFileType = file.bplist; name = ship.scn; path = ../../../Downloads/ship.scn; sourceTree = "<group>"; };
		77E8BD532364B40300C57BC1 /* texture.png */ = {isa = PBXFileReference; lastKnownFileType = image.png; name = texture.png; path = ../../../Downloads/texture.png; sourceTree = "<group>"; };
/* End PBXFileReference section */

/* Begin PBXFrameworksBuildPhase section */
		7775EF5A2364995500FA4E7E /* Frameworks */ = {
			isa = PBXFrameworksBuildPhase;
			buildActionMask = 2147483647;
			files = (
			);
			runOnlyForDeploymentPostprocessing = 0;
		};
		7775EF6E2364995800FA4E7E /* Frameworks */ = {
			isa = PBXFrameworksBuildPhase;
			buildActionMask = 2147483647;
			files = (
			);
			runOnlyForDeploymentPostprocessing = 0;
		};
/* End PBXFrameworksBuildPhase section */

/* Begin PBXGroup section */
		7775EF542364995500FA4E7E = {
			isa = PBXGroup;
			children = (
				7775EF5F2364995500FA4E7E /* PruebaRealidadAumentada */,
				7775EF742364995800FA4E7E /* PruebaRealidadAumentadaTests */,
				7775EF5E2364995500FA4E7E /* Products */,
			);
			sourceTree = "<group>";
		};
		7775EF5E2364995500FA4E7E /* Products */ = {
			isa = PBXGroup;
			children = (
				7775EF5D2364995500FA4E7E /* PruebaRealidadAumentada.app */,
				7775EF712364995800FA4E7E /* PruebaRealidadAumentadaTests.xctest */,
			);
			name = Products;
			sourceTree = "<group>";
		};
		7775EF5F2364995500FA4E7E /* PruebaRealidadAumentada */ = {
			isa = PBXGroup;
			children = (
				7775EF602364995500FA4E7E /* AppDelegate.swift */,
				7775EF622364995500FA4E7E /* ViewController.swift */,
				7775EF642364995500FA4E7E /* Main.storyboard */,
				77E8BD522364B40200C57BC1 /* ship.scn */,
				77E8BD532364B40300C57BC1 /* texture.png */,
				7775EF672364995800FA4E7E /* Assets.xcassets */,
				7775EF692364995800FA4E7E /* LaunchScreen.storyboard */,
				7775EF6C2364995800FA4E7E /* Info.plist */,
			);
			path = PruebaRealidadAumentada;
			sourceTree = "<group>";
		};
		7775EF742364995800FA4E7E /* PruebaRealidadAumentadaTests */ = {
			isa = PBXGroup;
			children = (
				7775EF752364995800FA4E7E /* PruebaRealidadAumentadaTests.swift */,
				7775EF772364995800FA4E7E /* Info.plist */,
			);
			path = PruebaRealidadAumentadaTests;
			sourceTree = "<group>";
		};
/* End PBXGroup section */

/* Begin PBXNativeTarget section */
		7775EF5C2364995500FA4E7E /* PruebaRealidadAumentada */ = {
			isa = PBXNativeTarget;
			buildConfigurationList = 7775EF7A2364995800FA4E7E /* Build configuration list for PBXNativeTarget "PruebaRealidadAumentada" */;
			buildPhases = (
				7775EF592364995500FA4E7E /* Sources */,
				7775EF5A2364995500FA4E7E /* Frameworks */,
				7775EF5B2364995500FA4E7E /* Resources */,
			);
			buildRules = (
			);
			dependencies = (
			);
			name = PruebaRealidadAumentada;
			productName = PruebaRealidadAumentada;
			productReference = 7775EF5D2364995500FA4E7E /* PruebaRealidadAumentada.app */;
			productType = "com.apple.product-type.application";
		};
		7775EF702364995800FA4E7E /* PruebaRealidadAumentadaTests */ = {
			isa = PBXNativeTarget;
			buildConfigurationList = 7775EF7D2364995800FA4E7E /* Build configuration list for PBXNativeTarget "PruebaRealidadAumentadaTests" */;
			buildPhases = (
				7775EF6D2364995800FA4E7E /* Sources */,
				7775EF6E2364995800FA4E7E /* Frameworks */,
				7775EF6F2364995800FA4E7E /* Resources */,
			);
			buildRules = (
			);
			dependencies = (
				7775EF732364995800FA4E7E /* PBXTargetDependency */,
			);
			name = PruebaRealidadAumentadaTests;
			productName = PruebaRealidadAumentadaTests;
			productReference = 7775EF712364995800FA4E7E /* PruebaRealidadAumentadaTests.xctest */;
			productType = "com.apple.product-type.bundle.unit-test";
		};
/* End PBXNativeTarget section */

/* Begin PBXProject section */
		7775EF552364995500FA4E7E /* Project object */ = {
			isa = PBXProject;
			attributes = {
				LastSwiftUpdateCheck = 1030;
				LastUpgradeCheck = 1030;
				ORGANIZATIONNAME = unam;
				TargetAttributes = {
					7775EF5C2364995500FA4E7E = {
						CreatedOnToolsVersion = 10.3;
					};
					7775EF702364995800FA4E7E = {
						CreatedOnToolsVersion = 10.3;
						TestTargetID = 7775EF5C2364995500FA4E7E;
					};
				};
			};
			buildConfigurationList = 7775EF582364995500FA4E7E /* Build configuration list for PBXProject "PruebaRealidadAumentada" */;
			compatibilityVersion = "Xcode 9.3";
			developmentRegion = en;
			hasScannedForEncodings = 0;
			knownRegions = (
				en,
				Base,
			);
			mainGroup = 7775EF542364995500FA4E7E;
			productRefGroup = 7775EF5E2364995500FA4E7E /* Products */;
			projectDirPath = "";
			projectRoot = "";
			targets = (
				7775EF5C2364995500FA4E7E /* PruebaRealidadAumentada */,
				7775EF702364995800FA4E7E /* PruebaRealidadAumentadaTests */,
			);
		};
/* End PBXProject section */

/* Begin PBXResourcesBuildPhase section */
		7775EF5B2364995500FA4E7E /* Resources */ = {
			isa = PBXResourcesBuildPhase;
			buildActionMask = 2147483647;
			files = (
				77E8BD552364B40300C57BC1 /* texture.png in Resources */,
				7775EF6B2364995800FA4E7E /* LaunchScreen.storyboard in Resources */,
				7775EF682364995800FA4E7E /* Assets.xcassets in Resources */,
				77E8BD542364B40300C57BC1 /* ship.scn in Resources */,
				7775EF662364995500FA4E7E /* Main.storyboard in Resources */,
			);
			runOnlyForDeploymentPostprocessing = 0;
		};
		7775EF6F2364995800FA4E7E /* Resources */ = {
			isa = PBXResourcesBuildPhase;
			buildActionMask = 2147483647;
			files = (
			);
			runOnlyForDeploymentPostprocessing = 0;
		};
/* End PBXResourcesBuildPhase section */

/* Begin PBXSourcesBuildPhase section */
		7775EF592364995500FA4E7E /* Sources */ = {
			isa = PBXSourcesBuildPhase;
			buildActionMask = 2147483647;
			files = (
				7775EF632364995500FA4E7E /* ViewController.swift in Sources */,
				7775EF612364995500FA4E7E /* AppDelegate.swift in Sources */,
			);
			runOnlyForDeploymentPostprocessing = 0;
		};
		7775EF6D2364995800FA4E7E /* Sources */ = {
			isa = PBXSourcesBuildPhase;
			buildActionMask = 2147483647;
			files = (
				7775EF762364995800FA4E7E /* PruebaRealidadAumentadaTests.swift in Sources */,
			);
			runOnlyForDeploymentPostprocessing = 0;
		};
/* End PBXSourcesBuildPhase section */

/* Begin PBXTargetDependency section */
		7775EF732364995800FA4E7E /* PBXTargetDependency */ = {
			isa = PBXTargetDependency;
			target = 7775EF5C2364995500FA4E7E /* PruebaRealidadAumentada */;
			targetProxy = 7775EF722364995800FA4E7E /* PBXContainerItemProxy */;
		};
/* End PBXTargetDependency section */

/* Begin PBXVariantGroup section */
		7775EF642364995500FA4E7E /* Main.storyboard */ = {
			isa = PBXVariantGroup;
			children = (
				7775EF652364995500FA4E7E /* Base */,
			);
			name = Main.storyboard;
			sourceTree = "<group>";
		};
		7775EF692364995800FA4E7E /* LaunchScreen.storyboard */ = {
			isa = PBXVariantGroup;
			children = (
				7775EF6A2364995800FA4E7E /* Base */,
			);
			name = LaunchScreen.storyboard;
			sourceTree = "<group>";
		};
/* End PBXVariantGroup section */

/* Begin XCBuildConfiguration section */
		7775EF782364995800FA4E7E /* Debug */ = {
			isa = XCBuildConfiguration;
			buildSettings = {
				ALWAYS_SEARCH_USER_PATHS = NO;
				CLANG_ANALYZER_NONNULL = YES;
				CLANG_ANALYZER_NUMBER_OBJECT_CONVERSION = YES_AGGRESSIVE;
				CLANG_CXX_LANGUAGE_STANDARD = "gnu++14";
				CLANG_CXX_LIBRARY = "libc++";
				CLANG_ENABLE_MODULES = YES;
				CLANG_ENABLE_OBJC_ARC = YES;
				CLANG_ENABLE_OBJC_WEAK = YES;
				CLANG_WARN_BLOCK_CAPTURE_AUTORELEASING = YES;
				CLANG_WARN_BOOL_CONVERSION = YES;
				CLANG_WARN_COMMA = YES;
				CLANG_WARN_CONSTANT_CONVERSION = YES;
				CLANG_WARN_DEPRECATED_OBJC_IMPLEMENTATIONS = YES;
				CLANG_WARN_DIRECT_OBJC_ISA_USAGE = YES_ERROR;
				CLANG_WARN_DOCUMENTATION_COMMENTS = YES;
				CLANG_WARN_EMPTY_BODY = YES;
				CLANG_WARN_ENUM_CONVERSION = YES;
				CLANG_WARN_INFINITE_RECURSION = YES;
				CLANG_WARN_INT_CONVERSION = YES;
				CLANG_WARN_NON_LITERAL_NULL_CONVERSION = YES;
				CLANG_WARN_OBJC_IMPLICIT_RETAIN_SELF = YES;
				CLANG_WARN_OBJC_LITERAL_CONVERSION = YES;
				CLANG_WARN_OBJC_ROOT_CLASS = YES_ERROR;
				CLANG_WARN_RANGE_LOOP_ANALYSIS = YES;
				CLANG_WARN_STRICT_PROTOTYPES = YES;
				CLANG_WARN_SUSPICIOUS_MOVE = YES;
				CLANG_WARN_UNGUARDED_AVAILABILITY = YES_AGGRESSIVE;
				CLANG_WARN_UNREACHABLE_CODE = YES;
				CLANG_WARN__DUPLICATE_METHOD_MATCH = YES;
				CODE_SIGN_IDENTITY = "iPhone Developer";
				COPY_PHASE_STRIP = NO;
				DEBUG_INFORMATION_FORMAT = dwarf;
				ENABLE_STRICT_OBJC_MSGSEND = YES;
				ENABLE_TESTABILITY = YES;
				GCC_C_LANGUAGE_STANDARD = gnu11;
				GCC_DYNAMIC_NO_PIC = NO;
				GCC_NO_COMMON_BLOCKS = YES;
				GCC_OPTIMIZATION_LEVEL = 0;
				GCC_PREPROCESSOR_DEFINITIONS = (
					"DEBUG=1",
					"$(inherited)",
				);
				GCC_WARN_64_TO_32_BIT_CONVERSION = YES;
				GCC_WARN_ABOUT_RETURN_TYPE = YES_ERROR;
				GCC_WARN_UNDECLARED_SELECTOR = YES;
				GCC_WARN_UNINITIALIZED_AUTOS = YES_AGGRESSIVE;
				GCC_WARN_UNUSED_FUNCTION = YES;
				GCC_WARN_UNUSED_VARIABLE = YES;
				IPHONEOS_DEPLOYMENT_TARGET = 12.4;
				MTL_ENABLE_DEBUG_INFO = INCLUDE_SOURCE;
				MTL_FAST_MATH = YES;
				ONLY_ACTIVE_ARCH = YES;
				SDKROOT = iphoneos;
				SWIFT_ACTIVE_COMPILATION_CONDITIONS = DEBUG;
				SWIFT_OPTIMIZATION_LEVEL = "-Onone";
			};
			name = Debug;
		};
		7775EF792364995800FA4E7E /* Release */ = {
			isa = XCBuildConfiguration;
			buildSettings = {
				ALWAYS_SEARCH_USER_PATHS = NO;
				CLANG_ANALYZER_NONNULL = YES;
				CLANG_ANALYZER_NUMBER_OBJECT_CONVERSION = YES_AGGRESSIVE;
				CLANG_CXX_LANGUAGE_STANDARD = "gnu++14";
				CLANG_CXX_LIBRARY = "libc++";
				CLANG_ENABLE_MODULES = YES;
				CLANG_ENABLE_OBJC_ARC = YES;
				CLANG_ENABLE_OBJC_WEAK = YES;
				CLANG_WARN_BLOCK_CAPTURE_AUTORELEASING = YES;
				CLANG_WARN_BOOL_CONVERSION = YES;
				CLANG_WARN_COMMA = YES;
				CLANG_WARN_CONSTANT_CONVERSION = YES;
				CLANG_WARN_DEPRECATED_OBJC_IMPLEMENTATIONS = YES;
				CLANG_WARN_DIRECT_OBJC_ISA_USAGE = YES_ERROR;
				CLANG_WARN_DOCUMENTATION_COMMENTS = YES;
				CLANG_WARN_EMPTY_BODY = YES;
				CLANG_WARN_ENUM_CONVERSION = YES;
				CLANG_WARN_INFINITE_RECURSION = YES;
				CLANG_WARN_INT_CONVERSION = YES;
				CLANG_WARN_NON_LITERAL_NULL_CONVERSION = YES;
				CLANG_WARN_OBJC_IMPLICIT_RETAIN_SELF = YES;
				CLANG_WARN_OBJC_LITERAL_CONVERSION = YES;
				CLANG_WARN_OBJC_ROOT_CLASS = YES_ERROR;
				CLANG_WARN_RANGE_LOOP_ANALYSIS = YES;
				CLANG_WARN_STRICT_PROTOTYPES = YES;
				CLANG_WARN_SUSPICIOUS_MOVE = YES;
				CLANG_WARN_UNGUARDED_AVAILABILITY = YES_AGGRESSIVE;
				CLANG_WARN_UNREACHABLE_CODE = YES;
				CLANG_WARN__DUPLICATE_METHOD_MATCH = YES;
				CODE_SIGN_IDENTITY = "iPhone Developer";
				COPY_PHASE_STRIP = NO;
				DEBUG_INFORMATION_FORMAT = "dwarf-with-dsym";
				ENABLE_NS_ASSERTIONS = NO;
				ENABLE_STRICT_OBJC_MSGSEND = YES;
				GCC_C_LANGUAGE_STANDARD = gnu11;
				GCC_NO_COMMON_BLOCKS = YES;
				GCC_WARN_64_TO_32_BIT_CONVERSION = YES;
				GCC_WARN_ABOUT_RETURN_TYPE = YES_ERROR;
				GCC_WARN_UNDECLARED_SELECTOR = YES;
				GCC_WARN_UNINITIALIZED_AUTOS = YES_AGGRESSIVE;
				GCC_WARN_UNUSED_FUNCTION = YES;
				GCC_WARN_UNUSED_VARIABLE = YES;
				IPHONEOS_DEPLOYMENT_TARGET = 12.4;
				MTL_ENABLE_DEBUG_INFO = NO;
				MTL_FAST_MATH = YES;
				SDKROOT = iphoneos;
				SWIFT_COMPILATION_MODE = wholemodule;
				SWIFT_OPTIMIZATION_LEVEL = "-O";
				VALIDATE_PRODUCT = YES;
			};
			name = Release;
		};
		7775EF7B2364995800FA4E7E /* Debug */ = {
			isa = XCBuildConfiguration;
			buildSettings = {
				ASSETCATALOG_COMPILER_APPICON_NAME = AppIcon;
				CODE_SIGN_STYLE = Automatic;
				DEVELOPMENT_TEAM = F2BL68NTA5;
				INFOPLIST_FILE = PruebaRealidadAumentada/Info.plist;
				LD_RUNPATH_SEARCH_PATHS = (
					"$(inherited)",
					"@executable_path/Frameworks",
				);
				PRODUCT_BUNDLE_IDENTIFIER = unam.PruebaRealidadAumentada;
				PRODUCT_NAME = "$(TARGET_NAME)";
				SWIFT_VERSION = 5.0;
				TARGETED_DEVICE_FAMILY = "1,2";
			};
			name = Debug;
		};
		7775EF7C2364995800FA4E7E /* Release */ = {
			isa = XCBuildConfiguration;
			buildSettings = {
				ASSETCATALOG_COMPILER_APPICON_NAME = AppIcon;
				CODE_SIGN_STYLE = Automatic;
				DEVELOPMENT_TEAM = F2BL68NTA5;
				INFOPLIST_FILE = PruebaRealidadAumentada/Info.plist;
				LD_RUNPATH_SEARCH_PATHS = (
					"$(inherited)",
					"@executable_path/Frameworks",
				);
				PRODUCT_BUNDLE_IDENTIFIER = unam.PruebaRealidadAumentada;
				PRODUCT_NAME = "$(TARGET_NAME)";
				SWIFT_VERSION = 5.0;
				TARGETED_DEVICE_FAMILY = "1,2";
			};
			name = Release;
		};
		7775EF7E2364995800FA4E7E /* Debug */ = {
			isa = XCBuildConfiguration;
			buildSettings = {
				ALWAYS_EMBED_SWIFT_STANDARD_LIBRARIES = YES;
				BUNDLE_LOADER = "$(TEST_HOST)";
				CODE_SIGN_STYLE = Automatic;
				DEVELOPMENT_TEAM = F2BL68NTA5;
				INFOPLIST_FILE = PruebaRealidadAumentadaTests/Info.plist;
				LD_RUNPATH_SEARCH_PATHS = (
					"$(inherited)",
					"@executable_path/Frameworks",
					"@loader_path/Frameworks",
				);
				PRODUCT_BUNDLE_IDENTIFIER = unam.PruebaRealidadAumentadaTests;
				PRODUCT_NAME = "$(TARGET_NAME)";
				SWIFT_VERSION = 5.0;
				TARGETED_DEVICE_FAMILY = "1,2";
				TEST_HOST = "$(BUILT_PRODUCTS_DIR)/PruebaRealidadAumentada.app/PruebaRealidadAumentada";
			};
			name = Debug;
		};
		7775EF7F2364995800FA4E7E /* Release */ = {
			isa = XCBuildConfiguration;
			buildSettings = {
				ALWAYS_EMBED_SWIFT_STANDARD_LIBRARIES = YES;
				BUNDLE_LOADER = "$(TEST_HOST)";
				CODE_SIGN_STYLE = Automatic;
				DEVELOPMENT_TEAM = F2BL68NTA5;
				INFOPLIST_FILE = PruebaRealidadAumentadaTests/Info.plist;
				LD_RUNPATH_SEARCH_PATHS = (
					"$(inherited)",
					"@executable_path/Frameworks",
					"@loader_path/Frameworks",
				);
				PRODUCT_BUNDLE_IDENTIFIER = unam.PruebaRealidadAumentadaTests;
				PRODUCT_NAME = "$(TARGET_NAME)";
				SWIFT_VERSION = 5.0;
				TARGETED_DEVICE_FAMILY = "1,2";
				TEST_HOST = "$(BUILT_PRODUCTS_DIR)/PruebaRealidadAumentada.app/PruebaRealidadAumentada";
			};
			name = Release;
		};
/* End XCBuildConfiguration section */

/* Begin XCConfigurationList section */
		7775EF582364995500FA4E7E /* Build configuration list for PBXProject "PruebaRealidadAumentada" */ = {
			isa = XCConfigurationList;
			buildConfigurations = (
				7775EF782364995800FA4E7E /* Debug */,
				7775EF792364995800FA4E7E /* Release */,
			);
			defaultConfigurationIsVisible = 0;
			defaultConfigurationName = Release;
		};
		7775EF7A2364995800FA4E7E /* Build configuration list for PBXNativeTarget "PruebaRealidadAumentada" */ = {
			isa = XCConfigurationList;
			buildConfigurations = (
				7775EF7B2364995800FA4E7E /* Debug */,
				7775EF7C2364995800FA4E7E /* Release */,
			);
			defaultConfigurationIsVisible = 0;
			defaultConfigurationName = Release;
		};
		7775EF7D2364995800FA4E7E /* Build configuration list for PBXNativeTarget "PruebaRealidadAumentadaTests" */ = {
			isa = XCConfigurationList;
			buildConfigurations = (
				7775EF7E2364995800FA4E7E /* Debug */,
				7775EF7F2364995800FA4E7E /* Release */,
			);
			defaultConfigurationIsVisible = 0;
			defaultConfigurationName = Release;
		};
/* End XCConfigurationList section */
	};
	rootObject = 7775EF552364995500FA4E7E /* Project object */;
}
