// !$*UTF8*$!
{
	archiveVersion = 1;
	classes = {
	};
	objectVersion = 50;
	objects = {

/* Begin PBXBuildFile section */
		C18045E02239ABF4007D3E41 /* AppDelegate.swift in Sources */ = {isa = PBXBuildFile; fileRef = C18045DF2239ABF4007D3E41 /* AppDelegate.swift */; };
		C18045E22239ABF4007D3E41 /* ViewController.swift in Sources */ = {isa = PBXBuildFile; fileRef = C18045E12239ABF4007D3E41 /* ViewController.swift */; };
		C18045E52239ABF4007D3E41 /* Main.storyboard in Resources */ = {isa = PBXBuildFile; fileRef = C18045E32239ABF4007D3E41 /* Main.storyboard */; };
		C18045E72239ABF4007D3E41 /* Assets.xcassets in Resources */ = {isa = PBXBuildFile; fileRef = C18045E62239ABF4007D3E41 /* Assets.xcassets */; };
		C18045EA2239ABF4007D3E41 /* LaunchScreen.storyboard in Resources */ = {isa = PBXBuildFile; fileRef = C18045E82239ABF4007D3E41 /* LaunchScreen.storyboard */; };
		C18045F22239AD10007D3E41 /* Boton.swift in Sources */ = {isa = PBXBuildFile; fileRef = C18045F12239AD10007D3E41 /* Boton.swift */; };
		C18045F42239B5F1007D3E41 /* BotonProg.swift in Sources */ = {isa = PBXBuildFile; fileRef = C18045F32239B5F1007D3E41 /* BotonProg.swift */; };
/* End PBXBuildFile section */

/* Begin PBXFileReference section */
		C18045DC2239ABF4007D3E41 /* ClaseButton.app */ = {isa = PBXFileReference; explicitFileType = wrapper.application; includeInIndex = 0; path = ClaseButton.app; sourceTree = BUILT_PRODUCTS_DIR; };
		C18045DF2239ABF4007D3E41 /* AppDelegate.swift */ = {isa = PBXFileReference; lastKnownFileType = sourcecode.swift; path = AppDelegate.swift; sourceTree = "<group>"; };
		C18045E12239ABF4007D3E41 /* ViewController.swift */ = {isa = PBXFileReference; lastKnownFileType = sourcecode.swift; path = ViewController.swift; sourceTree = "<group>"; };
		C18045E42239ABF4007D3E41 /* Base */ = {isa = PBXFileReference; lastKnownFileType = file.storyboard; name = Base; path = Base.lproj/Main.storyboard; sourceTree = "<group>"; };
		C18045E62239ABF4007D3E41 /* Assets.xcassets */ = {isa = PBXFileReference; lastKnownFileType = folder.assetcatalog; path = Assets.xcassets; sourceTree = "<group>"; };
		C18045E92239ABF4007D3E41 /* Base */ = {isa = PBXFileReference; lastKnownFileType = file.storyboard; name = Base; path = Base.lproj/LaunchScreen.storyboard; sourceTree = "<group>"; };
		C18045EB2239ABF4007D3E41 /* Info.plist */ = {isa = PBXFileReference; lastKnownFileType = text.plist.xml; path = Info.plist; sourceTree = "<group>"; };
		C18045F12239AD10007D3E41 /* Boton.swift */ = {isa = PBXFileReference; lastKnownFileType = sourcecode.swift; path = Boton.swift; sourceTree = "<group>"; };
		C18045F32239B5F1007D3E41 /* BotonProg.swift */ = {isa = PBXFileReference; lastKnownFileType = sourcecode.swift; path = BotonProg.swift; sourceTree = "<group>"; };
/* End PBXFileReference section */

/* Begin PBXFrameworksBuildPhase section */
		C18045D92239ABF4007D3E41 /* Frameworks */ = {
			isa = PBXFrameworksBuildPhase;
			buildActionMask = 2147483647;
			files = (
			);
			runOnlyForDeploymentPostprocessing = 0;
		};
/* End PBXFrameworksBuildPhase section */

/* Begin PBXGroup section */
		C18045D32239ABF4007D3E41 = {
			isa = PBXGroup;
			children = (
				C18045DE2239ABF4007D3E41 /* ClaseButton */,
				C18045DD2239ABF4007D3E41 /* Products */,
			);
			sourceTree = "<group>";
		};
		C18045DD2239ABF4007D3E41 /* Products */ = {
			isa = PBXGroup;
			children = (
				C18045DC2239ABF4007D3E41 /* ClaseButton.app */,
			);
			name = Products;
			sourceTree = "<group>";
		};
		C18045DE2239ABF4007D3E41 /* ClaseButton */ = {
			isa = PBXGroup;
			children = (
				C18045DF2239ABF4007D3E41 /* AppDelegate.swift */,
				C18045E12239ABF4007D3E41 /* ViewController.swift */,
				C18045E32239ABF4007D3E41 /* Main.storyboard */,
				C18045E62239ABF4007D3E41 /* Assets.xcassets */,
				C18045E82239ABF4007D3E41 /* LaunchScreen.storyboard */,
				C18045EB2239ABF4007D3E41 /* Info.plist */,
				C18045F12239AD10007D3E41 /* Boton.swift */,
				C18045F32239B5F1007D3E41 /* BotonProg.swift */,
			);
			path = ClaseButton;
			sourceTree = "<group>";
		};
/* End PBXGroup section */

/* Begin PBXNativeTarget section */
		C18045DB2239ABF4007D3E41 /* ClaseButton */ = {
			isa = PBXNativeTarget;
			buildConfigurationList = C18045EE2239ABF4007D3E41 /* Build configuration list for PBXNativeTarget "ClaseButton" */;
			buildPhases = (
				C18045D82239ABF4007D3E41 /* Sources */,
				C18045D92239ABF4007D3E41 /* Frameworks */,
				C18045DA2239ABF4007D3E41 /* Resources */,
			);
			buildRules = (
			);
			dependencies = (
			);
			name = ClaseButton;
			productName = ClaseButton;
			productReference = C18045DC2239ABF4007D3E41 /* ClaseButton.app */;
			productType = "com.apple.product-type.application";
		};
/* End PBXNativeTarget section */

/* Begin PBXProject section */
		C18045D42239ABF4007D3E41 /* Project object */ = {
			isa = PBXProject;
			attributes = {
				LastSwiftUpdateCheck = 1010;
				LastUpgradeCheck = 1010;
				ORGANIZATIONNAME = iosLab;
				TargetAttributes = {
					C18045DB2239ABF4007D3E41 = {
						CreatedOnToolsVersion = 10.1;
					};
				};
			};
			buildConfigurationList = C18045D72239ABF4007D3E41 /* Build configuration list for PBXProject "ClaseButton" */;
			compatibilityVersion = "Xcode 9.3";
			developmentRegion = en;
			hasScannedForEncodings = 0;
			knownRegions = (
				en,
				Base,
			);
			mainGroup = C18045D32239ABF4007D3E41;
			productRefGroup = C18045DD2239ABF4007D3E41 /* Products */;
			projectDirPath = "";
			projectRoot = "";
			targets = (
				C18045DB2239ABF4007D3E41 /* ClaseButton */,
			);
		};
/* End PBXProject section */

/* Begin PBXResourcesBuildPhase section */
		C18045DA2239ABF4007D3E41 /* Resources */ = {
			isa = PBXResourcesBuildPhase;
			buildActionMask = 2147483647;
			files = (
				C18045EA2239ABF4007D3E41 /* LaunchScreen.storyboard in Resources */,
				C18045E72239ABF4007D3E41 /* Assets.xcassets in Resources */,
				C18045E52239ABF4007D3E41 /* Main.storyboard in Resources */,
			);
			runOnlyForDeploymentPostprocessing = 0;
		};
/* End PBXResourcesBuildPhase section */

/* Begin PBXSourcesBuildPhase section */
		C18045D82239ABF4007D3E41 /* Sources */ = {
			isa = PBXSourcesBuildPhase;
			buildActionMask = 2147483647;
			files = (
				C18045F42239B5F1007D3E41 /* BotonProg.swift in Sources */,
				C18045E22239ABF4007D3E41 /* ViewController.swift in Sources */,
				C18045F22239AD10007D3E41 /* Boton.swift in Sources */,
				C18045E02239ABF4007D3E41 /* AppDelegate.swift in Sources */,
			);
			runOnlyForDeploymentPostprocessing = 0;
		};
/* End PBXSourcesBuildPhase section */

/* Begin PBXVariantGroup section */
		C18045E32239ABF4007D3E41 /* Main.storyboard */ = {
			isa = PBXVariantGroup;
			children = (
				C18045E42239ABF4007D3E41 /* Base */,
			);
			name = Main.storyboard;
			sourceTree = "<group>";
		};
		C18045E82239ABF4007D3E41 /* LaunchScreen.storyboard */ = {
			isa = PBXVariantGroup;
			children = (
				C18045E92239ABF4007D3E41 /* Base */,
			);
			name = LaunchScreen.storyboard;
			sourceTree = "<group>";
		};
/* End PBXVariantGroup section */

/* Begin XCBuildConfiguration section */
		C18045EC2239ABF4007D3E41 /* Debug */ = {
			isa = XCBuildConfiguration;
			buildSettings = {
				ALWAYS_SEARCH_USER_PATHS = NO;
				CLANG_ANALYZER_NONNULL = YES;
				CLANG_ANALYZER_NUMBER_OBJECT_CONVERSION = YES_AGGRESSIVE;
				CLANG_CXX_LANGUAGE_STANDARD = "gnu++14";
				CLANG_CXX_LIBRARY = "libc++";
				CLANG_ENABLE_MODULES = YES;
				CLANG_ENABLE_OBJC_ARC = YES;
				CLANG_ENABLE_OBJC_WEAK = YES;
				CLANG_WARN_BLOCK_CAPTURE_AUTORELEASING = YES;
				CLANG_WARN_BOOL_CONVERSION = YES;
				CLANG_WARN_COMMA = YES;
				CLANG_WARN_CONSTANT_CONVERSION = YES;
				CLANG_WARN_DEPRECATED_OBJC_IMPLEMENTATIONS = YES;
				CLANG_WARN_DIRECT_OBJC_ISA_USAGE = YES_ERROR;
				CLANG_WARN_DOCUMENTATION_COMMENTS = YES;
				CLANG_WARN_EMPTY_BODY = YES;
				CLANG_WARN_ENUM_CONVERSION = YES;
				CLANG_WARN_INFINITE_RECURSION = YES;
				CLANG_WARN_INT_CONVERSION = YES;
				CLANG_WARN_NON_LITERAL_NULL_CONVERSION = YES;
				CLANG_WARN_OBJC_IMPLICIT_RETAIN_SELF = YES;
				CLANG_WARN_OBJC_LITERAL_CONVERSION = YES;
				CLANG_WARN_OBJC_ROOT_CLASS = YES_ERROR;
				CLANG_WARN_RANGE_LOOP_ANALYSIS = YES;
				CLANG_WARN_STRICT_PROTOTYPES = YES;
				CLANG_WARN_SUSPICIOUS_MOVE = YES;
				CLANG_WARN_UNGUARDED_AVAILABILITY = YES_AGGRESSIVE;
				CLANG_WARN_UNREACHABLE_CODE = YES;
				CLANG_WARN__DUPLICATE_METHOD_MATCH = YES;
				CODE_SIGN_IDENTITY = "iPhone Developer";
				COPY_PHASE_STRIP = NO;
				DEBUG_INFORMATION_FORMAT = dwarf;
				ENABLE_STRICT_OBJC_MSGSEND = YES;
				ENABLE_TESTABILITY = YES;
				GCC_C_LANGUAGE_STANDARD = gnu11;
				GCC_DYNAMIC_NO_PIC = NO;
				GCC_NO_COMMON_BLOCKS = YES;
				GCC_OPTIMIZATION_LEVEL = 0;
				GCC_PREPROCESSOR_DEFINITIONS = (
					"DEBUG=1",
					"$(inherited)",
				);
				GCC_WARN_64_TO_32_BIT_CONVERSION = YES;
				GCC_WARN_ABOUT_RETURN_TYPE = YES_ERROR;
				GCC_WARN_UNDECLARED_SELECTOR = YES;
				GCC_WARN_UNINITIALIZED_AUTOS = YES_AGGRESSIVE;
				GCC_WARN_UNUSED_FUNCTION = YES;
				GCC_WARN_UNUSED_VARIABLE = YES;
				IPHONEOS_DEPLOYMENT_TARGET = 12.1;
				MTL_ENABLE_DEBUG_INFO = INCLUDE_SOURCE;
				MTL_FAST_MATH = YES;
				ONLY_ACTIVE_ARCH = YES;
				SDKROOT = iphoneos;
				SWIFT_ACTIVE_COMPILATION_CONDITIONS = DEBUG;
				SWIFT_OPTIMIZATION_LEVEL = "-Onone";
			};
			name = Debug;
		};
		C18045ED2239ABF4007D3E41 /* Release */ = {
			isa = XCBuildConfiguration;
			buildSettings = {
				ALWAYS_SEARCH_USER_PATHS = NO;
				CLANG_ANALYZER_NONNULL = YES;
				CLANG_ANALYZER_NUMBER_OBJECT_CONVERSION = YES_AGGRESSIVE;
				CLANG_CXX_LANGUAGE_STANDARD = "gnu++14";
				CLANG_CXX_LIBRARY = "libc++";
				CLANG_ENABLE_MODULES = YES;
				CLANG_ENABLE_OBJC_ARC = YES;
				CLANG_ENABLE_OBJC_WEAK = YES;
				CLANG_WARN_BLOCK_CAPTURE_AUTORELEASING = YES;
				CLANG_WARN_BOOL_CONVERSION = YES;
				CLANG_WARN_COMMA = YES;
				CLANG_WARN_CONSTANT_CONVERSION = YES;
				CLANG_WARN_DEPRECATED_OBJC_IMPLEMENTATIONS = YES;
				CLANG_WARN_DIRECT_OBJC_ISA_USAGE = YES_ERROR;
				CLANG_WARN_DOCUMENTATION_COMMENTS = YES;
				CLANG_WARN_EMPTY_BODY = YES;
				CLANG_WARN_ENUM_CONVERSION = YES;
				CLANG_WARN_INFINITE_RECURSION = YES;
				CLANG_WARN_INT_CONVERSION = YES;
				CLANG_WARN_NON_LITERAL_NULL_CONVERSION = YES;
				CLANG_WARN_OBJC_IMPLICIT_RETAIN_SELF = YES;
				CLANG_WARN_OBJC_LITERAL_CONVERSION = YES;
				CLANG_WARN_OBJC_ROOT_CLASS = YES_ERROR;
				CLANG_WARN_RANGE_LOOP_ANALYSIS = YES;
				CLANG_WARN_STRICT_PROTOTYPES = YES;
				CLANG_WARN_SUSPICIOUS_MOVE = YES;
				CLANG_WARN_UNGUARDED_AVAILABILITY = YES_AGGRESSIVE;
				CLANG_WARN_UNREACHABLE_CODE = YES;
				CLANG_WARN__DUPLICATE_METHOD_MATCH = YES;
				CODE_SIGN_IDENTITY = "iPhone Developer";
				COPY_PHASE_STRIP = NO;
				DEBUG_INFORMATION_FORMAT = "dwarf-with-dsym";
				ENABLE_NS_ASSERTIONS = NO;
				ENABLE_STRICT_OBJC_MSGSEND = YES;
				GCC_C_LANGUAGE_STANDARD = gnu11;
				GCC_NO_COMMON_BLOCKS = YES;
				GCC_WARN_64_TO_32_BIT_CONVERSION = YES;
				GCC_WARN_ABOUT_RETURN_TYPE = YES_ERROR;
				GCC_WARN_UNDECLARED_SELECTOR = YES;
				GCC_WARN_UNINITIALIZED_AUTOS = YES_AGGRESSIVE;
				GCC_WARN_UNUSED_FUNCTION = YES;
				GCC_WARN_UNUSED_VARIABLE = YES;
				IPHONEOS_DEPLOYMENT_TARGET = 12.1;
				MTL_ENABLE_DEBUG_INFO = NO;
				MTL_FAST_MATH = YES;
				SDKROOT = iphoneos;
				SWIFT_COMPILATION_MODE = wholemodule;
				SWIFT_OPTIMIZATION_LEVEL = "-O";
				VALIDATE_PRODUCT = YES;
			};
			name = Release;
		};
		C18045EF2239ABF4007D3E41 /* Debug */ = {
			isa = XCBuildConfiguration;
			buildSettings = {
				ASSETCATALOG_COMPILER_APPICON_NAME = AppIcon;
				CODE_SIGN_STYLE = Automatic;
				INFOPLIST_FILE = ClaseButton/Info.plist;
				LD_RUNPATH_SEARCH_PATHS = (
					"$(inherited)",
					"@executable_path/Frameworks",
				);
				PRODUCT_BUNDLE_IDENTIFIER = com.ioslab.ClaseButton;
				PRODUCT_NAME = "$(TARGET_NAME)";
				SWIFT_VERSION = 4.2;
				TARGETED_DEVICE_FAMILY = "1,2";
			};
			name = Debug;
		};
		C18045F02239ABF4007D3E41 /* Release */ = {
			isa = XCBuildConfiguration;
			buildSettings = {
				ASSETCATALOG_COMPILER_APPICON_NAME = AppIcon;
				CODE_SIGN_STYLE = Automatic;
				INFOPLIST_FILE = ClaseButton/Info.plist;
				LD_RUNPATH_SEARCH_PATHS = (
					"$(inherited)",
					"@executable_path/Frameworks",
				);
				PRODUCT_BUNDLE_IDENTIFIER = com.ioslab.ClaseButton;
				PRODUCT_NAME = "$(TARGET_NAME)";
				SWIFT_VERSION = 4.2;
				TARGETED_DEVICE_FAMILY = "1,2";
			};
			name = Release;
		};
/* End XCBuildConfiguration section */

/* Begin XCConfigurationList section */
		C18045D72239ABF4007D3E41 /* Build configuration list for PBXProject "ClaseButton" */ = {
			isa = XCConfigurationList;
			buildConfigurations = (
				C18045EC2239ABF4007D3E41 /* Debug */,
				C18045ED2239ABF4007D3E41 /* Release */,
			);
			defaultConfigurationIsVisible = 0;
			defaultConfigurationName = Release;
		};
		C18045EE2239ABF4007D3E41 /* Build configuration list for PBXNativeTarget "ClaseButton" */ = {
			isa = XCConfigurationList;
			buildConfigurations = (
				C18045EF2239ABF4007D3E41 /* Debug */,
				C18045F02239ABF4007D3E41 /* Release */,
			);
			defaultConfigurationIsVisible = 0;
			defaultConfigurationName = Release;
		};
/* End XCConfigurationList section */
	};
	rootObject = C18045D42239ABF4007D3E41 /* Project object */;
}
