// !$*UTF8*$!
{
	archiveVersion = 1;
	classes = {
	};
	objectVersion = 50;
	objects = {

/* Begin PBXBuildFile section */
		7989D1442319FFF1000EEBCD /* AppDelegate.swift in Sources */ = {isa = PBXBuildFile; fileRef = 7989D1432319FFF1000EEBCD /* AppDelegate.swift */; };
		7989D1492319FFF1000EEBCD /* Main.storyboard in Resources */ = {isa = PBXBuildFile; fileRef = 7989D1472319FFF1000EEBCD /* Main.storyboard */; };
		7989D14B2319FFF3000EEBCD /* Assets.xcassets in Resources */ = {isa = PBXBuildFile; fileRef = 7989D14A2319FFF3000EEBCD /* Assets.xcassets */; };
		7989D14E2319FFF3000EEBCD /* LaunchScreen.storyboard in Resources */ = {isa = PBXBuildFile; fileRef = 7989D14C2319FFF3000EEBCD /* LaunchScreen.storyboard */; };
		7989D156231A0046000EEBCD /* TracksTableViewController.swift in Sources */ = {isa = PBXBuildFile; fileRef = 7989D155231A0046000EEBCD /* TracksTableViewController.swift */; };
		7989D158231A0095000EEBCD /* Tracks.swift in Sources */ = {isa = PBXBuildFile; fileRef = 7989D157231A0095000EEBCD /* Tracks.swift */; };
/* End PBXBuildFile section */

/* Begin PBXFileReference section */
		7989D1402319FFF1000EEBCD /* Sesion7-2-iTunesTable.app */ = {isa = PBXFileReference; explicitFileType = wrapper.application; includeInIndex = 0; path = "Sesion7-2-iTunesTable.app"; sourceTree = BUILT_PRODUCTS_DIR; };
		7989D1432319FFF1000EEBCD /* AppDelegate.swift */ = {isa = PBXFileReference; lastKnownFileType = sourcecode.swift; path = AppDelegate.swift; sourceTree = "<group>"; };
		7989D1482319FFF1000EEBCD /* Base */ = {isa = PBXFileReference; lastKnownFileType = file.storyboard; name = Base; path = Base.lproj/Main.storyboard; sourceTree = "<group>"; };
		7989D14A2319FFF3000EEBCD /* Assets.xcassets */ = {isa = PBXFileReference; lastKnownFileType = folder.assetcatalog; path = Assets.xcassets; sourceTree = "<group>"; };
		7989D14D2319FFF3000EEBCD /* Base */ = {isa = PBXFileReference; lastKnownFileType = file.storyboard; name = Base; path = Base.lproj/LaunchScreen.storyboard; sourceTree = "<group>"; };
		7989D14F2319FFF3000EEBCD /* Info.plist */ = {isa = PBXFileReference; lastKnownFileType = text.plist.xml; path = Info.plist; sourceTree = "<group>"; };
		7989D155231A0046000EEBCD /* TracksTableViewController.swift */ = {isa = PBXFileReference; lastKnownFileType = sourcecode.swift; path = TracksTableViewController.swift; sourceTree = "<group>"; };
		7989D157231A0095000EEBCD /* Tracks.swift */ = {isa = PBXFileReference; lastKnownFileType = sourcecode.swift; path = Tracks.swift; sourceTree = "<group>"; };
/* End PBXFileReference section */

/* Begin PBXFrameworksBuildPhase section */
		7989D13D2319FFF1000EEBCD /* Frameworks */ = {
			isa = PBXFrameworksBuildPhase;
			buildActionMask = 2147483647;
			files = (
			);
			runOnlyForDeploymentPostprocessing = 0;
		};
/* End PBXFrameworksBuildPhase section */

/* Begin PBXGroup section */
		7989D1372319FFF1000EEBCD = {
			isa = PBXGroup;
			children = (
				7989D1422319FFF1000EEBCD /* Sesion7-2-iTunesTable */,
				7989D1412319FFF1000EEBCD /* Products */,
			);
			sourceTree = "<group>";
		};
		7989D1412319FFF1000EEBCD /* Products */ = {
			isa = PBXGroup;
			children = (
				7989D1402319FFF1000EEBCD /* Sesion7-2-iTunesTable.app */,
			);
			name = Products;
			sourceTree = "<group>";
		};
		7989D1422319FFF1000EEBCD /* Sesion7-2-iTunesTable */ = {
			isa = PBXGroup;
			children = (
				7989D1432319FFF1000EEBCD /* AppDelegate.swift */,
				7989D1472319FFF1000EEBCD /* Main.storyboard */,
				7989D14A2319FFF3000EEBCD /* Assets.xcassets */,
				7989D14C2319FFF3000EEBCD /* LaunchScreen.storyboard */,
				7989D14F2319FFF3000EEBCD /* Info.plist */,
				7989D155231A0046000EEBCD /* TracksTableViewController.swift */,
				7989D157231A0095000EEBCD /* Tracks.swift */,
			);
			path = "Sesion7-2-iTunesTable";
			sourceTree = "<group>";
		};
/* End PBXGroup section */

/* Begin PBXNativeTarget section */
		7989D13F2319FFF1000EEBCD /* Sesion7-2-iTunesTable */ = {
			isa = PBXNativeTarget;
			buildConfigurationList = 7989D1522319FFF3000EEBCD /* Build configuration list for PBXNativeTarget "Sesion7-2-iTunesTable" */;
			buildPhases = (
				7989D13C2319FFF1000EEBCD /* Sources */,
				7989D13D2319FFF1000EEBCD /* Frameworks */,
				7989D13E2319FFF1000EEBCD /* Resources */,
			);
			buildRules = (
			);
			dependencies = (
			);
			name = "Sesion7-2-iTunesTable";
			productName = "Sesion7-2-iTunesTable";
			productReference = 7989D1402319FFF1000EEBCD /* Sesion7-2-iTunesTable.app */;
			productType = "com.apple.product-type.application";
		};
/* End PBXNativeTarget section */

/* Begin PBXProject section */
		7989D1382319FFF1000EEBCD /* Project object */ = {
			isa = PBXProject;
			attributes = {
				LastSwiftUpdateCheck = 1030;
				LastUpgradeCheck = 1030;
				ORGANIZATIONNAME = "Ricardo Hernandez D4";
				TargetAttributes = {
					7989D13F2319FFF1000EEBCD = {
						CreatedOnToolsVersion = 10.3;
					};
				};
			};
			buildConfigurationList = 7989D13B2319FFF1000EEBCD /* Build configuration list for PBXProject "Sesion7-2-iTunesTable" */;
			compatibilityVersion = "Xcode 9.3";
			developmentRegion = en;
			hasScannedForEncodings = 0;
			knownRegions = (
				en,
				Base,
			);
			mainGroup = 7989D1372319FFF1000EEBCD;
			productRefGroup = 7989D1412319FFF1000EEBCD /* Products */;
			projectDirPath = "";
			projectRoot = "";
			targets = (
				7989D13F2319FFF1000EEBCD /* Sesion7-2-iTunesTable */,
			);
		};
/* End PBXProject section */

/* Begin PBXResourcesBuildPhase section */
		7989D13E2319FFF1000EEBCD /* Resources */ = {
			isa = PBXResourcesBuildPhase;
			buildActionMask = 2147483647;
			files = (
				7989D14E2319FFF3000EEBCD /* LaunchScreen.storyboard in Resources */,
				7989D14B2319FFF3000EEBCD /* Assets.xcassets in Resources */,
				7989D1492319FFF1000EEBCD /* Main.storyboard in Resources */,
			);
			runOnlyForDeploymentPostprocessing = 0;
		};
/* End PBXResourcesBuildPhase section */

/* Begin PBXSourcesBuildPhase section */
		7989D13C2319FFF1000EEBCD /* Sources */ = {
			isa = PBXSourcesBuildPhase;
			buildActionMask = 2147483647;
			files = (
				7989D158231A0095000EEBCD /* Tracks.swift in Sources */,
				7989D1442319FFF1000EEBCD /* AppDelegate.swift in Sources */,
				7989D156231A0046000EEBCD /* TracksTableViewController.swift in Sources */,
			);
			runOnlyForDeploymentPostprocessing = 0;
		};
/* End PBXSourcesBuildPhase section */

/* Begin PBXVariantGroup section */
		7989D1472319FFF1000EEBCD /* Main.storyboard */ = {
			isa = PBXVariantGroup;
			children = (
				7989D1482319FFF1000EEBCD /* Base */,
			);
			name = Main.storyboard;
			sourceTree = "<group>";
		};
		7989D14C2319FFF3000EEBCD /* LaunchScreen.storyboard */ = {
			isa = PBXVariantGroup;
			children = (
				7989D14D2319FFF3000EEBCD /* Base */,
			);
			name = LaunchScreen.storyboard;
			sourceTree = "<group>";
		};
/* End PBXVariantGroup section */

/* Begin XCBuildConfiguration section */
		7989D1502319FFF3000EEBCD /* Debug */ = {
			isa = XCBuildConfiguration;
			buildSettings = {
				ALWAYS_SEARCH_USER_PATHS = NO;
				CLANG_ANALYZER_NONNULL = YES;
				CLANG_ANALYZER_NUMBER_OBJECT_CONVERSION = YES_AGGRESSIVE;
				CLANG_CXX_LANGUAGE_STANDARD = "gnu++14";
				CLANG_CXX_LIBRARY = "libc++";
				CLANG_ENABLE_MODULES = YES;
				CLANG_ENABLE_OBJC_ARC = YES;
				CLANG_ENABLE_OBJC_WEAK = YES;
				CLANG_WARN_BLOCK_CAPTURE_AUTORELEASING = YES;
				CLANG_WARN_BOOL_CONVERSION = YES;
				CLANG_WARN_COMMA = YES;
				CLANG_WARN_CONSTANT_CONVERSION = YES;
				CLANG_WARN_DEPRECATED_OBJC_IMPLEMENTATIONS = YES;
				CLANG_WARN_DIRECT_OBJC_ISA_USAGE = YES_ERROR;
				CLANG_WARN_DOCUMENTATION_COMMENTS = YES;
				CLANG_WARN_EMPTY_BODY = YES;
				CLANG_WARN_ENUM_CONVERSION = YES;
				CLANG_WARN_INFINITE_RECURSION = YES;
				CLANG_WARN_INT_CONVERSION = YES;
				CLANG_WARN_NON_LITERAL_NULL_CONVERSION = YES;
				CLANG_WARN_OBJC_IMPLICIT_RETAIN_SELF = YES;
				CLANG_WARN_OBJC_LITERAL_CONVERSION = YES;
				CLANG_WARN_OBJC_ROOT_CLASS = YES_ERROR;
				CLANG_WARN_RANGE_LOOP_ANALYSIS = YES;
				CLANG_WARN_STRICT_PROTOTYPES = YES;
				CLANG_WARN_SUSPICIOUS_MOVE = YES;
				CLANG_WARN_UNGUARDED_AVAILABILITY = YES_AGGRESSIVE;
				CLANG_WARN_UNREACHABLE_CODE = YES;
				CLANG_WARN__DUPLICATE_METHOD_MATCH = YES;
				CODE_SIGN_IDENTITY = "iPhone Developer";
				COPY_PHASE_STRIP = NO;
				DEBUG_INFORMATION_FORMAT = dwarf;
				ENABLE_STRICT_OBJC_MSGSEND = YES;
				ENABLE_TESTABILITY = YES;
				GCC_C_LANGUAGE_STANDARD = gnu11;
				GCC_DYNAMIC_NO_PIC = NO;
				GCC_NO_COMMON_BLOCKS = YES;
				GCC_OPTIMIZATION_LEVEL = 0;
				GCC_PREPROCESSOR_DEFINITIONS = (
					"DEBUG=1",
					"$(inherited)",
				);
				GCC_WARN_64_TO_32_BIT_CONVERSION = YES;
				GCC_WARN_ABOUT_RETURN_TYPE = YES_ERROR;
				GCC_WARN_UNDECLARED_SELECTOR = YES;
				GCC_WARN_UNINITIALIZED_AUTOS = YES_AGGRESSIVE;
				GCC_WARN_UNUSED_FUNCTION = YES;
				GCC_WARN_UNUSED_VARIABLE = YES;
				IPHONEOS_DEPLOYMENT_TARGET = 12.4;
				MTL_ENABLE_DEBUG_INFO = INCLUDE_SOURCE;
				MTL_FAST_MATH = YES;
				ONLY_ACTIVE_ARCH = YES;
				SDKROOT = iphoneos;
				SWIFT_ACTIVE_COMPILATION_CONDITIONS = DEBUG;
				SWIFT_OPTIMIZATION_LEVEL = "-Onone";
			};
			name = Debug;
		};
		7989D1512319FFF3000EEBCD /* Release */ = {
			isa = XCBuildConfiguration;
			buildSettings = {
				ALWAYS_SEARCH_USER_PATHS = NO;
				CLANG_ANALYZER_NONNULL = YES;
				CLANG_ANALYZER_NUMBER_OBJECT_CONVERSION = YES_AGGRESSIVE;
				CLANG_CXX_LANGUAGE_STANDARD = "gnu++14";
				CLANG_CXX_LIBRARY = "libc++";
				CLANG_ENABLE_MODULES = YES;
				CLANG_ENABLE_OBJC_ARC = YES;
				CLANG_ENABLE_OBJC_WEAK = YES;
				CLANG_WARN_BLOCK_CAPTURE_AUTORELEASING = YES;
				CLANG_WARN_BOOL_CONVERSION = YES;
				CLANG_WARN_COMMA = YES;
				CLANG_WARN_CONSTANT_CONVERSION = YES;
				CLANG_WARN_DEPRECATED_OBJC_IMPLEMENTATIONS = YES;
				CLANG_WARN_DIRECT_OBJC_ISA_USAGE = YES_ERROR;
				CLANG_WARN_DOCUMENTATION_COMMENTS = YES;
				CLANG_WARN_EMPTY_BODY = YES;
				CLANG_WARN_ENUM_CONVERSION = YES;
				CLANG_WARN_INFINITE_RECURSION = YES;
				CLANG_WARN_INT_CONVERSION = YES;
				CLANG_WARN_NON_LITERAL_NULL_CONVERSION = YES;
				CLANG_WARN_OBJC_IMPLICIT_RETAIN_SELF = YES;
				CLANG_WARN_OBJC_LITERAL_CONVERSION = YES;
				CLANG_WARN_OBJC_ROOT_CLASS = YES_ERROR;
				CLANG_WARN_RANGE_LOOP_ANALYSIS = YES;
				CLANG_WARN_STRICT_PROTOTYPES = YES;
				CLANG_WARN_SUSPICIOUS_MOVE = YES;
				CLANG_WARN_UNGUARDED_AVAILABILITY = YES_AGGRESSIVE;
				CLANG_WARN_UNREACHABLE_CODE = YES;
				CLANG_WARN__DUPLICATE_METHOD_MATCH = YES;
				CODE_SIGN_IDENTITY = "iPhone Developer";
				COPY_PHASE_STRIP = NO;
				DEBUG_INFORMATION_FORMAT = "dwarf-with-dsym";
				ENABLE_NS_ASSERTIONS = NO;
				ENABLE_STRICT_OBJC_MSGSEND = YES;
				GCC_C_LANGUAGE_STANDARD = gnu11;
				GCC_NO_COMMON_BLOCKS = YES;
				GCC_WARN_64_TO_32_BIT_CONVERSION = YES;
				GCC_WARN_ABOUT_RETURN_TYPE = YES_ERROR;
				GCC_WARN_UNDECLARED_SELECTOR = YES;
				GCC_WARN_UNINITIALIZED_AUTOS = YES_AGGRESSIVE;
				GCC_WARN_UNUSED_FUNCTION = YES;
				GCC_WARN_UNUSED_VARIABLE = YES;
				IPHONEOS_DEPLOYMENT_TARGET = 12.4;
				MTL_ENABLE_DEBUG_INFO = NO;
				MTL_FAST_MATH = YES;
				SDKROOT = iphoneos;
				SWIFT_COMPILATION_MODE = wholemodule;
				SWIFT_OPTIMIZATION_LEVEL = "-O";
				VALIDATE_PRODUCT = YES;
			};
			name = Release;
		};
		7989D1532319FFF3000EEBCD /* Debug */ = {
			isa = XCBuildConfiguration;
			buildSettings = {
				ASSETCATALOG_COMPILER_APPICON_NAME = AppIcon;
				CODE_SIGN_STYLE = Automatic;
				INFOPLIST_FILE = "Sesion7-2-iTunesTable/Info.plist";
				LD_RUNPATH_SEARCH_PATHS = (
					"$(inherited)",
					"@executable_path/Frameworks",
				);
				PRODUCT_BUNDLE_IDENTIFIER = "unam.Sesion7-2-iTunesTable";
				PRODUCT_NAME = "$(TARGET_NAME)";
				SWIFT_VERSION = 5.0;
				TARGETED_DEVICE_FAMILY = "1,2";
			};
			name = Debug;
		};
		7989D1542319FFF3000EEBCD /* Release */ = {
			isa = XCBuildConfiguration;
			buildSettings = {
				ASSETCATALOG_COMPILER_APPICON_NAME = AppIcon;
				CODE_SIGN_STYLE = Automatic;
				INFOPLIST_FILE = "Sesion7-2-iTunesTable/Info.plist";
				LD_RUNPATH_SEARCH_PATHS = (
					"$(inherited)",
					"@executable_path/Frameworks",
				);
				PRODUCT_BUNDLE_IDENTIFIER = "unam.Sesion7-2-iTunesTable";
				PRODUCT_NAME = "$(TARGET_NAME)";
				SWIFT_VERSION = 5.0;
				TARGETED_DEVICE_FAMILY = "1,2";
			};
			name = Release;
		};
/* End XCBuildConfiguration section */

/* Begin XCConfigurationList section */
		7989D13B2319FFF1000EEBCD /* Build configuration list for PBXProject "Sesion7-2-iTunesTable" */ = {
			isa = XCConfigurationList;
			buildConfigurations = (
				7989D1502319FFF3000EEBCD /* Debug */,
				7989D1512319FFF3000EEBCD /* Release */,
			);
			defaultConfigurationIsVisible = 0;
			defaultConfigurationName = Release;
		};
		7989D1522319FFF3000EEBCD /* Build configuration list for PBXNativeTarget "Sesion7-2-iTunesTable" */ = {
			isa = XCConfigurationList;
			buildConfigurations = (
				7989D1532319FFF3000EEBCD /* Debug */,
				7989D1542319FFF3000EEBCD /* Release */,
			);
			defaultConfigurationIsVisible = 0;
			defaultConfigurationName = Release;
		};
/* End XCConfigurationList section */
	};
	rootObject = 7989D1382319FFF1000EEBCD /* Project object */;
}
