// !$*UTF8*$!
{
	archiveVersion = 1;
	classes = {
	};
	objectVersion = 50;
	objects = {

/* Begin PBXBuildFile section */
		792B686E2310C0FF00E919FE /* AppDelegate.swift in Sources */ = {isa = PBXBuildFile; fileRef = 792B686D2310C0FF00E919FE /* AppDelegate.swift */; };
		792B68702310C0FF00E919FE /* ViewController.swift in Sources */ = {isa = PBXBuildFile; fileRef = 792B686F2310C0FF00E919FE /* ViewController.swift */; };
		792B68732310C0FF00E919FE /* Main.storyboard in Resources */ = {isa = PBXBuildFile; fileRef = 792B68712310C0FF00E919FE /* Main.storyboard */; };
		792B68752310C10000E919FE /* Assets.xcassets in Resources */ = {isa = PBXBuildFile; fileRef = 792B68742310C10000E919FE /* Assets.xcassets */; };
		792B68782310C10000E919FE /* LaunchScreen.storyboard in Resources */ = {isa = PBXBuildFile; fileRef = 792B68762310C10000E919FE /* LaunchScreen.storyboard */; };
		792B68802310C18700E919FE /* Botoncito.swift in Sources */ = {isa = PBXBuildFile; fileRef = 792B687F2310C18700E919FE /* Botoncito.swift */; };
/* End PBXBuildFile section */

/* Begin PBXFileReference section */
		792B686A2310C0FF00E919FE /* Sesion5-3-Boton.app */ = {isa = PBXFileReference; explicitFileType = wrapper.application; includeInIndex = 0; path = "Sesion5-3-Boton.app"; sourceTree = BUILT_PRODUCTS_DIR; };
		792B686D2310C0FF00E919FE /* AppDelegate.swift */ = {isa = PBXFileReference; lastKnownFileType = sourcecode.swift; path = AppDelegate.swift; sourceTree = "<group>"; };
		792B686F2310C0FF00E919FE /* ViewController.swift */ = {isa = PBXFileReference; lastKnownFileType = sourcecode.swift; path = ViewController.swift; sourceTree = "<group>"; };
		792B68722310C0FF00E919FE /* Base */ = {isa = PBXFileReference; lastKnownFileType = file.storyboard; name = Base; path = Base.lproj/Main.storyboard; sourceTree = "<group>"; };
		792B68742310C10000E919FE /* Assets.xcassets */ = {isa = PBXFileReference; lastKnownFileType = folder.assetcatalog; path = Assets.xcassets; sourceTree = "<group>"; };
		792B68772310C10000E919FE /* Base */ = {isa = PBXFileReference; lastKnownFileType = file.storyboard; name = Base; path = Base.lproj/LaunchScreen.storyboard; sourceTree = "<group>"; };
		792B68792310C10000E919FE /* Info.plist */ = {isa = PBXFileReference; lastKnownFileType = text.plist.xml; path = Info.plist; sourceTree = "<group>"; };
		792B687F2310C18700E919FE /* Botoncito.swift */ = {isa = PBXFileReference; lastKnownFileType = sourcecode.swift; path = Botoncito.swift; sourceTree = "<group>"; };
/* End PBXFileReference section */

/* Begin PBXFrameworksBuildPhase section */
		792B68672310C0FF00E919FE /* Frameworks */ = {
			isa = PBXFrameworksBuildPhase;
			buildActionMask = 2147483647;
			files = (
			);
			runOnlyForDeploymentPostprocessing = 0;
		};
/* End PBXFrameworksBuildPhase section */

/* Begin PBXGroup section */
		792B68612310C0FF00E919FE = {
			isa = PBXGroup;
			children = (
				792B686C2310C0FF00E919FE /* Sesion5-3-Boton */,
				792B686B2310C0FF00E919FE /* Products */,
			);
			sourceTree = "<group>";
		};
		792B686B2310C0FF00E919FE /* Products */ = {
			isa = PBXGroup;
			children = (
				792B686A2310C0FF00E919FE /* Sesion5-3-Boton.app */,
			);
			name = Products;
			sourceTree = "<group>";
		};
		792B686C2310C0FF00E919FE /* Sesion5-3-Boton */ = {
			isa = PBXGroup;
			children = (
				792B686D2310C0FF00E919FE /* AppDelegate.swift */,
				792B686F2310C0FF00E919FE /* ViewController.swift */,
				792B68712310C0FF00E919FE /* Main.storyboard */,
				792B68742310C10000E919FE /* Assets.xcassets */,
				792B68762310C10000E919FE /* LaunchScreen.storyboard */,
				792B68792310C10000E919FE /* Info.plist */,
				792B687F2310C18700E919FE /* Botoncito.swift */,
			);
			path = "Sesion5-3-Boton";
			sourceTree = "<group>";
		};
/* End PBXGroup section */

/* Begin PBXNativeTarget section */
		792B68692310C0FF00E919FE /* Sesion5-3-Boton */ = {
			isa = PBXNativeTarget;
			buildConfigurationList = 792B687C2310C10000E919FE /* Build configuration list for PBXNativeTarget "Sesion5-3-Boton" */;
			buildPhases = (
				792B68662310C0FF00E919FE /* Sources */,
				792B68672310C0FF00E919FE /* Frameworks */,
				792B68682310C0FF00E919FE /* Resources */,
			);
			buildRules = (
			);
			dependencies = (
			);
			name = "Sesion5-3-Boton";
			productName = "Sesion5-3-Boton";
			productReference = 792B686A2310C0FF00E919FE /* Sesion5-3-Boton.app */;
			productType = "com.apple.product-type.application";
		};
/* End PBXNativeTarget section */

/* Begin PBXProject section */
		792B68622310C0FF00E919FE /* Project object */ = {
			isa = PBXProject;
			attributes = {
				LastSwiftUpdateCheck = 1030;
				LastUpgradeCheck = 1030;
				ORGANIZATIONNAME = "Ricardo Hernandez D4";
				TargetAttributes = {
					792B68692310C0FF00E919FE = {
						CreatedOnToolsVersion = 10.3;
					};
				};
			};
			buildConfigurationList = 792B68652310C0FF00E919FE /* Build configuration list for PBXProject "Sesion5-3-Boton" */;
			compatibilityVersion = "Xcode 9.3";
			developmentRegion = en;
			hasScannedForEncodings = 0;
			knownRegions = (
				en,
				Base,
			);
			mainGroup = 792B68612310C0FF00E919FE;
			productRefGroup = 792B686B2310C0FF00E919FE /* Products */;
			projectDirPath = "";
			projectRoot = "";
			targets = (
				792B68692310C0FF00E919FE /* Sesion5-3-Boton */,
			);
		};
/* End PBXProject section */

/* Begin PBXResourcesBuildPhase section */
		792B68682310C0FF00E919FE /* Resources */ = {
			isa = PBXResourcesBuildPhase;
			buildActionMask = 2147483647;
			files = (
				792B68782310C10000E919FE /* LaunchScreen.storyboard in Resources */,
				792B68752310C10000E919FE /* Assets.xcassets in Resources */,
				792B68732310C0FF00E919FE /* Main.storyboard in Resources */,
			);
			runOnlyForDeploymentPostprocessing = 0;
		};
/* End PBXResourcesBuildPhase section */

/* Begin PBXSourcesBuildPhase section */
		792B68662310C0FF00E919FE /* Sources */ = {
			isa = PBXSourcesBuildPhase;
			buildActionMask = 2147483647;
			files = (
				792B68702310C0FF00E919FE /* ViewController.swift in Sources */,
				792B686E2310C0FF00E919FE /* AppDelegate.swift in Sources */,
				792B68802310C18700E919FE /* Botoncito.swift in Sources */,
			);
			runOnlyForDeploymentPostprocessing = 0;
		};
/* End PBXSourcesBuildPhase section */

/* Begin PBXVariantGroup section */
		792B68712310C0FF00E919FE /* Main.storyboard */ = {
			isa = PBXVariantGroup;
			children = (
				792B68722310C0FF00E919FE /* Base */,
			);
			name = Main.storyboard;
			sourceTree = "<group>";
		};
		792B68762310C10000E919FE /* LaunchScreen.storyboard */ = {
			isa = PBXVariantGroup;
			children = (
				792B68772310C10000E919FE /* Base */,
			);
			name = LaunchScreen.storyboard;
			sourceTree = "<group>";
		};
/* End PBXVariantGroup section */

/* Begin XCBuildConfiguration section */
		792B687A2310C10000E919FE /* Debug */ = {
			isa = XCBuildConfiguration;
			buildSettings = {
				ALWAYS_SEARCH_USER_PATHS = NO;
				CLANG_ANALYZER_NONNULL = YES;
				CLANG_ANALYZER_NUMBER_OBJECT_CONVERSION = YES_AGGRESSIVE;
				CLANG_CXX_LANGUAGE_STANDARD = "gnu++14";
				CLANG_CXX_LIBRARY = "libc++";
				CLANG_ENABLE_MODULES = YES;
				CLANG_ENABLE_OBJC_ARC = YES;
				CLANG_ENABLE_OBJC_WEAK = YES;
				CLANG_WARN_BLOCK_CAPTURE_AUTORELEASING = YES;
				CLANG_WARN_BOOL_CONVERSION = YES;
				CLANG_WARN_COMMA = YES;
				CLANG_WARN_CONSTANT_CONVERSION = YES;
				CLANG_WARN_DEPRECATED_OBJC_IMPLEMENTATIONS = YES;
				CLANG_WARN_DIRECT_OBJC_ISA_USAGE = YES_ERROR;
				CLANG_WARN_DOCUMENTATION_COMMENTS = YES;
				CLANG_WARN_EMPTY_BODY = YES;
				CLANG_WARN_ENUM_CONVERSION = YES;
				CLANG_WARN_INFINITE_RECURSION = YES;
				CLANG_WARN_INT_CONVERSION = YES;
				CLANG_WARN_NON_LITERAL_NULL_CONVERSION = YES;
				CLANG_WARN_OBJC_IMPLICIT_RETAIN_SELF = YES;
				CLANG_WARN_OBJC_LITERAL_CONVERSION = YES;
				CLANG_WARN_OBJC_ROOT_CLASS = YES_ERROR;
				CLANG_WARN_RANGE_LOOP_ANALYSIS = YES;
				CLANG_WARN_STRICT_PROTOTYPES = YES;
				CLANG_WARN_SUSPICIOUS_MOVE = YES;
				CLANG_WARN_UNGUARDED_AVAILABILITY = YES_AGGRESSIVE;
				CLANG_WARN_UNREACHABLE_CODE = YES;
				CLANG_WARN__DUPLICATE_METHOD_MATCH = YES;
				CODE_SIGN_IDENTITY = "iPhone Developer";
				COPY_PHASE_STRIP = NO;
				DEBUG_INFORMATION_FORMAT = dwarf;
				ENABLE_STRICT_OBJC_MSGSEND = YES;
				ENABLE_TESTABILITY = YES;
				GCC_C_LANGUAGE_STANDARD = gnu11;
				GCC_DYNAMIC_NO_PIC = NO;
				GCC_NO_COMMON_BLOCKS = YES;
				GCC_OPTIMIZATION_LEVEL = 0;
				GCC_PREPROCESSOR_DEFINITIONS = (
					"DEBUG=1",
					"$(inherited)",
				);
				GCC_WARN_64_TO_32_BIT_CONVERSION = YES;
				GCC_WARN_ABOUT_RETURN_TYPE = YES_ERROR;
				GCC_WARN_UNDECLARED_SELECTOR = YES;
				GCC_WARN_UNINITIALIZED_AUTOS = YES_AGGRESSIVE;
				GCC_WARN_UNUSED_FUNCTION = YES;
				GCC_WARN_UNUSED_VARIABLE = YES;
				IPHONEOS_DEPLOYMENT_TARGET = 12.4;
				MTL_ENABLE_DEBUG_INFO = INCLUDE_SOURCE;
				MTL_FAST_MATH = YES;
				ONLY_ACTIVE_ARCH = YES;
				SDKROOT = iphoneos;
				SWIFT_ACTIVE_COMPILATION_CONDITIONS = DEBUG;
				SWIFT_OPTIMIZATION_LEVEL = "-Onone";
			};
			name = Debug;
		};
		792B687B2310C10000E919FE /* Release */ = {
			isa = XCBuildConfiguration;
			buildSettings = {
				ALWAYS_SEARCH_USER_PATHS = NO;
				CLANG_ANALYZER_NONNULL = YES;
				CLANG_ANALYZER_NUMBER_OBJECT_CONVERSION = YES_AGGRESSIVE;
				CLANG_CXX_LANGUAGE_STANDARD = "gnu++14";
				CLANG_CXX_LIBRARY = "libc++";
				CLANG_ENABLE_MODULES = YES;
				CLANG_ENABLE_OBJC_ARC = YES;
				CLANG_ENABLE_OBJC_WEAK = YES;
				CLANG_WARN_BLOCK_CAPTURE_AUTORELEASING = YES;
				CLANG_WARN_BOOL_CONVERSION = YES;
				CLANG_WARN_COMMA = YES;
				CLANG_WARN_CONSTANT_CONVERSION = YES;
				CLANG_WARN_DEPRECATED_OBJC_IMPLEMENTATIONS = YES;
				CLANG_WARN_DIRECT_OBJC_ISA_USAGE = YES_ERROR;
				CLANG_WARN_DOCUMENTATION_COMMENTS = YES;
				CLANG_WARN_EMPTY_BODY = YES;
				CLANG_WARN_ENUM_CONVERSION = YES;
				CLANG_WARN_INFINITE_RECURSION = YES;
				CLANG_WARN_INT_CONVERSION = YES;
				CLANG_WARN_NON_LITERAL_NULL_CONVERSION = YES;
				CLANG_WARN_OBJC_IMPLICIT_RETAIN_SELF = YES;
				CLANG_WARN_OBJC_LITERAL_CONVERSION = YES;
				CLANG_WARN_OBJC_ROOT_CLASS = YES_ERROR;
				CLANG_WARN_RANGE_LOOP_ANALYSIS = YES;
				CLANG_WARN_STRICT_PROTOTYPES = YES;
				CLANG_WARN_SUSPICIOUS_MOVE = YES;
				CLANG_WARN_UNGUARDED_AVAILABILITY = YES_AGGRESSIVE;
				CLANG_WARN_UNREACHABLE_CODE = YES;
				CLANG_WARN__DUPLICATE_METHOD_MATCH = YES;
				CODE_SIGN_IDENTITY = "iPhone Developer";
				COPY_PHASE_STRIP = NO;
				DEBUG_INFORMATION_FORMAT = "dwarf-with-dsym";
				ENABLE_NS_ASSERTIONS = NO;
				ENABLE_STRICT_OBJC_MSGSEND = YES;
				GCC_C_LANGUAGE_STANDARD = gnu11;
				GCC_NO_COMMON_BLOCKS = YES;
				GCC_WARN_64_TO_32_BIT_CONVERSION = YES;
				GCC_WARN_ABOUT_RETURN_TYPE = YES_ERROR;
				GCC_WARN_UNDECLARED_SELECTOR = YES;
				GCC_WARN_UNINITIALIZED_AUTOS = YES_AGGRESSIVE;
				GCC_WARN_UNUSED_FUNCTION = YES;
				GCC_WARN_UNUSED_VARIABLE = YES;
				IPHONEOS_DEPLOYMENT_TARGET = 12.4;
				MTL_ENABLE_DEBUG_INFO = NO;
				MTL_FAST_MATH = YES;
				SDKROOT = iphoneos;
				SWIFT_COMPILATION_MODE = wholemodule;
				SWIFT_OPTIMIZATION_LEVEL = "-O";
				VALIDATE_PRODUCT = YES;
			};
			name = Release;
		};
		792B687D2310C10000E919FE /* Debug */ = {
			isa = XCBuildConfiguration;
			buildSettings = {
				ASSETCATALOG_COMPILER_APPICON_NAME = AppIcon;
				CODE_SIGN_STYLE = Automatic;
				INFOPLIST_FILE = "Sesion5-3-Boton/Info.plist";
				LD_RUNPATH_SEARCH_PATHS = (
					"$(inherited)",
					"@executable_path/Frameworks",
				);
				PRODUCT_BUNDLE_IDENTIFIER = "unam.Sesion5-3-Boton";
				PRODUCT_NAME = "$(TARGET_NAME)";
				SWIFT_VERSION = 5.0;
				TARGETED_DEVICE_FAMILY = "1,2";
			};
			name = Debug;
		};
		792B687E2310C10000E919FE /* Release */ = {
			isa = XCBuildConfiguration;
			buildSettings = {
				ASSETCATALOG_COMPILER_APPICON_NAME = AppIcon;
				CODE_SIGN_STYLE = Automatic;
				INFOPLIST_FILE = "Sesion5-3-Boton/Info.plist";
				LD_RUNPATH_SEARCH_PATHS = (
					"$(inherited)",
					"@executable_path/Frameworks",
				);
				PRODUCT_BUNDLE_IDENTIFIER = "unam.Sesion5-3-Boton";
				PRODUCT_NAME = "$(TARGET_NAME)";
				SWIFT_VERSION = 5.0;
				TARGETED_DEVICE_FAMILY = "1,2";
			};
			name = Release;
		};
/* End XCBuildConfiguration section */

/* Begin XCConfigurationList section */
		792B68652310C0FF00E919FE /* Build configuration list for PBXProject "Sesion5-3-Boton" */ = {
			isa = XCConfigurationList;
			buildConfigurations = (
				792B687A2310C10000E919FE /* Debug */,
				792B687B2310C10000E919FE /* Release */,
			);
			defaultConfigurationIsVisible = 0;
			defaultConfigurationName = Release;
		};
		792B687C2310C10000E919FE /* Build configuration list for PBXNativeTarget "Sesion5-3-Boton" */ = {
			isa = XCConfigurationList;
			buildConfigurations = (
				792B687D2310C10000E919FE /* Debug */,
				792B687E2310C10000E919FE /* Release */,
			);
			defaultConfigurationIsVisible = 0;
			defaultConfigurationName = Release;
		};
/* End XCConfigurationList section */
	};
	rootObject = 792B68622310C0FF00E919FE /* Project object */;
}
